<?xml version="1.0" encoding="utf-8"?>
<Project ToolsVersion="4.0" xmlns="http://schemas.microsoft.com/developer/msbuild/2003">
  <ItemGroup>
    <Filter Include="Source Files">
      <UniqueIdentifier>{4FC737F1-C7A5-4376-A066-2A32D752A2FF}</UniqueIdentifier>
      <Extensions>cpp;c;cc;cxx;def;odl;idl;hpj;bat;asm;asmx</Extensions>
    </Filter>
    <Filter Include="Header Files">
      <UniqueIdentifier>{93995380-89BD-4b04-88EB-625FBE52EBFB}</UniqueIdentifier>
      <Extensions>h;hpp;hxx;hm;inl;inc;xsd</Extensions>
    </Filter>
    <Filter Include="Resource Files">
      <UniqueIdentifier>{67DA6AB6-F800-4c08-8B7A-83BB121AAD01}</UniqueIdentifier>
      <Extensions>rc;ico;cur;bmp;dlg;rc2;rct;bin;rgs;gif;jpg;jpeg;jpe;resx;tiff;tif;png;wav;mfcribbon-ms</Extensions>
    </Filter>
    <Filter Include="Source Files\Filters">
      <UniqueIdentifier>{e4b69be6-e380-4e90-8ed0-43682965521e}</UniqueIdentifier>
    </Filter>
  </ItemGroup>
  <ItemGroup>
    <Text Include="ReadMe.txt" />
  </ItemGroup>
  <ItemGroup>
    <ClInclude Include="ImagePass.h">
      <Filter>Header Files</Filter>
    </ClInclude>
    <ClInclude Include="VotePass.h">
      <Filter>Header Files</Filter>
    </ClInclude>
    <ClInclude Include="VoteManager.h">
      <Filter>Header Files</Filter>
    </ClInclude>
    <ClInclude Include="dirent.h">
      <Filter>Header Files</Filter>
    </ClInclude>
    <ClInclude Include="VBAM.h">
      <Filter>Header Files</Filter>
    </ClInclude>
    <ClInclude Include="ErosionPass.h">
      <Filter>Header Files</Filter>
    </ClInclude>
    <ClInclude Include="DilationPass.h">
      <Filter>Header Files</Filter>
    </ClInclude>
    <ClInclude Include="NoiseRemovalPass.h">
      <Filter>Header Files</Filter>
    </ClInclude>
    <ClInclude Include="GradientPass.h">
      <Filter>Header Files</Filter>
    </ClInclude>
  </ItemGroup>
  <ItemGroup>
    <ClCompile Include="ImagePass.cpp">
      <Filter>Source Files</Filter>
    </ClCompile>
    <ClCompile Include="VotePass.cpp">
      <Filter>Source Files</Filter>
    </ClCompile>
    <ClCompile Include="VoteManager.cpp">
      <Filter>Source Files</Filter>
    </ClCompile>
    <ClCompile Include="VBAM.cpp">
      <Filter>Source Files</Filter>
    </ClCompile>
    <ClCompile Include="main.cpp" />
    <ClCompile Include="DilationPass.cpp">
      <Filter>Source Files\Filters</Filter>
    </ClCompile>
    <ClCompile Include="ErosionPass.cpp">
      <Filter>Source Files\Filters</Filter>
    </ClCompile>
    <ClCompile Include="GradientPass.cpp">
      <Filter>Source Files\Filters</Filter>
    </ClCompile>
    <ClCompile Include="NoiseRemovalPass.cpp">
      <Filter>Source Files\Filters</Filter>
    </ClCompile>
  </ItemGroup>
</Project>